
Microsoft Visual Studio Solution File, Format Version 12.00
# Visual Studio Version 17
VisualStudioVersion = 17.14.36310.24 d17.14
MinimumVisualStudioVersion = 10.0.40219.1
Project("{FAE04EC0-301F-11D3-BF4B-00C04F79EFBC}") = "OnlineMovieTicketSalesSystem(EFCORE)", "OnlineMovieTicketSalesSystem(EFCORE).csproj", "{925D3659-F4EB-4F54-819D-250B5D8FB7E0}"
EndProject
Global
	GlobalSection(SolutionConfigurationPlatforms) = preSolution
		Debug|Any CPU = Debug|Any CPU
		Release|Any CPU = Release|Any CPU
	EndGlobalSection
	GlobalSection(ProjectConfigurationPlatforms) = postSolution
		{925D3659-F4EB-4F54-819D-250B5D8FB7E0}.Debug|Any CPU.ActiveCfg = Debug|Any CPU
		{925D3659-F4EB-4F54-819D-250B5D8FB7E0}.Debug|Any CPU.Build.0 = Debug|Any CPU
		{925D3659-F4EB-4F54-819D-250B5D8FB7E0}.Release|Any CPU.ActiveCfg = Release|Any CPU
		{925D3659-F4EB-4F54-819D-250B5D8FB7E0}.Release|Any CPU.Build.0 = Release|Any CPU
	EndGlobalSection
	GlobalSection(SolutionProperties) = preSolution
		HideSolutionNode = FALSE
	EndGlobalSection
	GlobalSection(ExtensibilityGlobals) = postSolution
		SolutionGuid = {34F1C381-022B-4030-814E-7EF176F5BCA5}
	EndGlobalSection
EndGlobal
