
Microsoft Visual Studio Solution File, Format Version 12.00
# Visual Studio Version 17
VisualStudioVersion = 17.14.36310.24
MinimumVisualStudioVersion = 10.0.40219.1
Project("{FAE04EC0-301F-11D3-BF4B-00C04F79EFBC}") = "FoodWasteApp.WebAPI", "FoodWasteApp.WebAPI\FoodWasteApp.WebAPI.csproj", "{82F76DF8-E7F4-4937-9206-9401B98BAA9B}"
EndProject
Project("{FAE04EC0-301F-11D3-BF4B-00C04F79EFBC}") = "FoodWasteApp.BLL", "FoodWasteApp.BLL\FoodWasteApp.BLL.csproj", "{96D3C399-B4D8-4490-B4C9-BBBADA2BB241}"
EndProject
Project("{FAE04EC0-301F-11D3-BF4B-00C04F79EFBC}") = "FoodWasteApp.DAL", "FoodWasteApp.DAL\FoodWasteApp.DAL.csproj", "{B7974C36-1F21-4315-B620-E2262900A211}"
EndProject
Project("{2150E333-8FDC-42A3-9474-1A3956D46DE8}") = "Solution Items", "Solution Items", "{8EC462FD-D22E-90A8-E5CE-7E832BA40C5D}"
	ProjectSection(SolutionItems) = preProject
		.dockerignore = .dockerignore
		docker-compose.yml = docker-compose.yml
	EndProjectSection
EndProject
Global
	GlobalSection(SolutionConfigurationPlatforms) = preSolution
		Debug|Any CPU = Debug|Any CPU
		Release|Any CPU = Release|Any CPU
	EndGlobalSection
	GlobalSection(ProjectConfigurationPlatforms) = postSolution
		{82F76DF8-E7F4-4937-9206-9401B98BAA9B}.Debug|Any CPU.ActiveCfg = Debug|Any CPU
		{82F76DF8-E7F4-4937-9206-9401B98BAA9B}.Debug|Any CPU.Build.0 = Debug|Any CPU
		{82F76DF8-E7F4-4937-9206-9401B98BAA9B}.Release|Any CPU.ActiveCfg = Release|Any CPU
		{82F76DF8-E7F4-4937-9206-9401B98BAA9B}.Release|Any CPU.Build.0 = Release|Any CPU
		{96D3C399-B4D8-4490-B4C9-BBBADA2BB241}.Debug|Any CPU.ActiveCfg = Debug|Any CPU
		{96D3C399-B4D8-4490-B4C9-BBBADA2BB241}.Debug|Any CPU.Build.0 = Debug|Any CPU
		{96D3C399-B4D8-4490-B4C9-BBBADA2BB241}.Release|Any CPU.ActiveCfg = Release|Any CPU
		{96D3C399-B4D8-4490-B4C9-BBBADA2BB241}.Release|Any CPU.Build.0 = Release|Any CPU
		{B7974C36-1F21-4315-B620-E2262900A211}.Debug|Any CPU.ActiveCfg = Debug|Any CPU
		{B7974C36-1F21-4315-B620-E2262900A211}.Debug|Any CPU.Build.0 = Debug|Any CPU
		{B7974C36-1F21-4315-B620-E2262900A211}.Release|Any CPU.ActiveCfg = Release|Any CPU
		{B7974C36-1F21-4315-B620-E2262900A211}.Release|Any CPU.Build.0 = Release|Any CPU
	EndGlobalSection
	GlobalSection(SolutionProperties) = preSolution
		HideSolutionNode = FALSE
	EndGlobalSection
	GlobalSection(ExtensibilityGlobals) = postSolution
		SolutionGuid = {7D416587-5902-488B-B888-261E4F9FF694}
	EndGlobalSection
EndGlobal
