
Microsoft Visual Studio Solution File, Format Version 12.00
# Visual Studio Version 17
VisualStudioVersion = 17.14.36310.24 d17.14
MinimumVisualStudioVersion = 10.0.40219.1
Project("{FAE04EC0-301F-11D3-BF4B-00C04F79EFBC}") = "CalculatingTheAveragePrice", "CalculatingTheAveragePrice\CalculatingTheAveragePrice.csproj", "{C934E579-93F7-4AD7-BF14-F1905F8CE11B}"
EndProject
Project("{FAE04EC0-301F-11D3-BF4B-00C04F79EFBC}") = "CalculatingTheAveragePriceFinal", "CalculatingTheAveragePriceFinal\CalculatingTheAveragePriceFinal.csproj", "{B66071CC-3E74-4165-B4AE-711B33445BCD}"
EndProject
Global
	GlobalSection(SolutionConfigurationPlatforms) = preSolution
		Debug|Any CPU = Debug|Any CPU
		Release|Any CPU = Release|Any CPU
	EndGlobalSection
	GlobalSection(ProjectConfigurationPlatforms) = postSolution
		{C934E579-93F7-4AD7-BF14-F1905F8CE11B}.Debug|Any CPU.ActiveCfg = Debug|Any CPU
		{C934E579-93F7-4AD7-BF14-F1905F8CE11B}.Debug|Any CPU.Build.0 = Debug|Any CPU
		{C934E579-93F7-4AD7-BF14-F1905F8CE11B}.Release|Any CPU.ActiveCfg = Release|Any CPU
		{C934E579-93F7-4AD7-BF14-F1905F8CE11B}.Release|Any CPU.Build.0 = Release|Any CPU
		{B66071CC-3E74-4165-B4AE-711B33445BCD}.Debug|Any CPU.ActiveCfg = Debug|Any CPU
		{B66071CC-3E74-4165-B4AE-711B33445BCD}.Debug|Any CPU.Build.0 = Debug|Any CPU
		{B66071CC-3E74-4165-B4AE-711B33445BCD}.Release|Any CPU.ActiveCfg = Release|Any CPU
		{B66071CC-3E74-4165-B4AE-711B33445BCD}.Release|Any CPU.Build.0 = Release|Any CPU
	EndGlobalSection
	GlobalSection(SolutionProperties) = preSolution
		HideSolutionNode = FALSE
	EndGlobalSection
	GlobalSection(ExtensibilityGlobals) = postSolution
		SolutionGuid = {9CF1D56F-56AE-472D-9827-F9BAEB7E6CE9}
	EndGlobalSection
EndGlobal
