
Microsoft Visual Studio Solution File, Format Version 12.00
# Visual Studio Version 17
VisualStudioVersion = 17.14.36310.24 d17.14
MinimumVisualStudioVersion = 10.0.40219.1
Project("{FAE04EC0-301F-11D3-BF4B-00C04F79EFBC}") = "CollectionApp", "CollectionApp\CollectionApp.csproj", "{4359E624-C940-47A6-819B-3943361F25C8}"
EndProject
Project("{FAE04EC0-301F-11D3-BF4B-00C04F79EFBC}") = "SalesReport", "SalesReport\SalesReport.csproj", "{763AF62D-768D-47F0-B3B1-5EC534DBFCC3}"
EndProject
Global
	GlobalSection(SolutionConfigurationPlatforms) = preSolution
		Debug|Any CPU = Debug|Any CPU
		Release|Any CPU = Release|Any CPU
	EndGlobalSection
	GlobalSection(ProjectConfigurationPlatforms) = postSolution
		{4359E624-C940-47A6-819B-3943361F25C8}.Debug|Any CPU.ActiveCfg = Debug|Any CPU
		{4359E624-C940-47A6-819B-3943361F25C8}.Debug|Any CPU.Build.0 = Debug|Any CPU
		{4359E624-C940-47A6-819B-3943361F25C8}.Release|Any CPU.ActiveCfg = Release|Any CPU
		{4359E624-C940-47A6-819B-3943361F25C8}.Release|Any CPU.Build.0 = Release|Any CPU
		{763AF62D-768D-47F0-B3B1-5EC534DBFCC3}.Debug|Any CPU.ActiveCfg = Debug|Any CPU
		{763AF62D-768D-47F0-B3B1-5EC534DBFCC3}.Debug|Any CPU.Build.0 = Debug|Any CPU
		{763AF62D-768D-47F0-B3B1-5EC534DBFCC3}.Release|Any CPU.ActiveCfg = Release|Any CPU
		{763AF62D-768D-47F0-B3B1-5EC534DBFCC3}.Release|Any CPU.Build.0 = Release|Any CPU
	EndGlobalSection
	GlobalSection(SolutionProperties) = preSolution
		HideSolutionNode = FALSE
	EndGlobalSection
	GlobalSection(ExtensibilityGlobals) = postSolution
		SolutionGuid = {156DE99D-17E7-46E1-9125-957B836F2F2C}
	EndGlobalSection
EndGlobal
