
Microsoft Visual Studio Solution File, Format Version 12.00
# Visual Studio Version 17
VisualStudioVersion = 17.14.36310.24 d17.14
MinimumVisualStudioVersion = 10.0.40219.1
Project("{FAE04EC0-301F-11D3-BF4B-00C04F79EFBC}") = "ProfessionalFootballLeague", "ProfessionalFootballLeague\ProfessionalFootballLeague.csproj", "{5E2CE773-5CB9-48D9-8C1B-960B2881253A}"
EndProject
Global
	GlobalSection(SolutionConfigurationPlatforms) = preSolution
		Debug|Any CPU = Debug|Any CPU
		Release|Any CPU = Release|Any CPU
	EndGlobalSection
	GlobalSection(ProjectConfigurationPlatforms) = postSolution
		{5E2CE773-5CB9-48D9-8C1B-960B2881253A}.Debug|Any CPU.ActiveCfg = Debug|Any CPU
		{5E2CE773-5CB9-48D9-8C1B-960B2881253A}.Debug|Any CPU.Build.0 = Debug|Any CPU
		{5E2CE773-5CB9-48D9-8C1B-960B2881253A}.Release|Any CPU.ActiveCfg = Release|Any CPU
		{5E2CE773-5CB9-48D9-8C1B-960B2881253A}.Release|Any CPU.Build.0 = Release|Any CPU
	EndGlobalSection
	GlobalSection(SolutionProperties) = preSolution
		HideSolutionNode = FALSE
	EndGlobalSection
	GlobalSection(ExtensibilityGlobals) = postSolution
		SolutionGuid = {944448F3-E14E-4BC1-B9B8-C4CBE4FA4DE6}
	EndGlobalSection
EndGlobal
