
Microsoft Visual Studio Solution File, Format Version 12.00
# Visual Studio Version 17
VisualStudioVersion = 17.14.36310.24 d17.14
MinimumVisualStudioVersion = 10.0.40219.1
Project("{FAE04EC0-301F-11D3-BF4B-00C04F79EFBC}") = "Classes", "Classes\Classes.csproj", "{87BFB40D-2849-4534-B13C-6E9F4D497E8E}"
EndProject
Global
	GlobalSection(SolutionConfigurationPlatforms) = preSolution
		Debug|Any CPU = Debug|Any CPU
		Release|Any CPU = Release|Any CPU
	EndGlobalSection
	GlobalSection(ProjectConfigurationPlatforms) = postSolution
		{87BFB40D-2849-4534-B13C-6E9F4D497E8E}.Debug|Any CPU.ActiveCfg = Debug|Any CPU
		{87BFB40D-2849-4534-B13C-6E9F4D497E8E}.Debug|Any CPU.Build.0 = Debug|Any CPU
		{87BFB40D-2849-4534-B13C-6E9F4D497E8E}.Release|Any CPU.ActiveCfg = Release|Any CPU
		{87BFB40D-2849-4534-B13C-6E9F4D497E8E}.Release|Any CPU.Build.0 = Release|Any CPU
	EndGlobalSection
	GlobalSection(SolutionProperties) = preSolution
		HideSolutionNode = FALSE
	EndGlobalSection
	GlobalSection(ExtensibilityGlobals) = postSolution
		SolutionGuid = {A2CF0A0A-AF2A-405D-AC24-449DBC63DC99}
	EndGlobalSection
EndGlobal
